
Microsoft Visual Studio Solution File, Format Version 12.00
# Visual Studio Version 17
VisualStudioVersion = 17.0.32126.317
MinimumVisualStudioVersion = 10.0.40219.1
Project("{9A19103F-16F7-4668-BE54-9A1E7A4F7556}") = "Inshapardaz.Domain", "src\Inshapardaz.Domain\Inshapardaz.Domain.csproj", "{B867197D-41E9-4D3E-9BDE-8BE32B4DDDCA}"
EndProject
Project("{2150E333-8FDC-42A3-9474-1A3956D46DE8}") = "tests", "tests", "{26B32815-EFF1-4EA6-A846-BE4432C7E6A7}"
EndProject
Project("{9A19103F-16F7-4668-BE54-9A1E7A4F7556}") = "Inshapardaz.Database.SqlServer", "src\Inshapardaz.Database.SqlServer\Inshapardaz.Database.SqlServer.csproj", "{EFB37C52-0CFF-4B3A-944F-41B35628EFB7}"
EndProject
Project("{9A19103F-16F7-4668-BE54-9A1E7A4F7556}") = "Inshapardaz.Storage.Azure", "src\Inshapardaz.Storage.Azure\Inshapardaz.Storage.Azure.csproj", "{7EE0CEAD-9629-4C6A-A215-97D1EC4C4BB1}"
EndProject
Project("{2150E333-8FDC-42A3-9474-1A3956D46DE8}") = "Solution Items", "Solution Items", "{17995680-3C9A-4E15-B619-569923E820FF}"
	ProjectSection(SolutionItems) = preProject
		.editorconfig = .editorconfig
		appveyor.yml = appveyor.yml
		README.md = README.md
	EndProjectSection
EndProject
Project("{9A19103F-16F7-4668-BE54-9A1E7A4F7556}") = "Inshapardaz.Api", "src\Inshapardaz.Api\Inshapardaz.Api.csproj", "{0D3C96B5-5A0B-43D5-BDAC-8AB11D582DB8}"
EndProject
Project("{9A19103F-16F7-4668-BE54-9A1E7A4F7556}") = "Inshapardaz.Api.Tests", "src\Inshapardaz.Api.Tests\Inshapardaz.Api.Tests.csproj", "{1ADABB20-5947-409C-B0FA-6F12274B8076}"
EndProject
Project("{9A19103F-16F7-4668-BE54-9A1E7A4F7556}") = "Inshapardaz.Adapter.Ocr.Google", "src\Inshapardaz.Adapter.Ocr.Google\Inshapardaz.Adapter.Ocr.Google.csproj", "{8B17CB57-1B13-4988-B87A-06810692A0E5}"
EndProject
Project("{FAE04EC0-301F-11D3-BF4B-00C04F79EFBC}") = "Inshapardaz.Storage.S3", "src\Inshapardaz.Storage.S3\Inshapardaz.Storage.S3.csproj", "{F911C302-12BC-414A-830E-5B81ADB20051}"
EndProject
Global
	GlobalSection(SolutionConfigurationPlatforms) = preSolution
		Debug|Any CPU = Debug|Any CPU
		Release|Any CPU = Release|Any CPU
	EndGlobalSection
	GlobalSection(ProjectConfigurationPlatforms) = postSolution
		{B867197D-41E9-4D3E-9BDE-8BE32B4DDDCA}.Debug|Any CPU.ActiveCfg = Debug|Any CPU
		{B867197D-41E9-4D3E-9BDE-8BE32B4DDDCA}.Debug|Any CPU.Build.0 = Debug|Any CPU
		{B867197D-41E9-4D3E-9BDE-8BE32B4DDDCA}.Release|Any CPU.ActiveCfg = Release|Any CPU
		{B867197D-41E9-4D3E-9BDE-8BE32B4DDDCA}.Release|Any CPU.Build.0 = Release|Any CPU
		{EFB37C52-0CFF-4B3A-944F-41B35628EFB7}.Debug|Any CPU.ActiveCfg = Debug|Any CPU
		{EFB37C52-0CFF-4B3A-944F-41B35628EFB7}.Debug|Any CPU.Build.0 = Debug|Any CPU
		{EFB37C52-0CFF-4B3A-944F-41B35628EFB7}.Release|Any CPU.ActiveCfg = Release|Any CPU
		{EFB37C52-0CFF-4B3A-944F-41B35628EFB7}.Release|Any CPU.Build.0 = Release|Any CPU
		{7EE0CEAD-9629-4C6A-A215-97D1EC4C4BB1}.Debug|Any CPU.ActiveCfg = Debug|Any CPU
		{7EE0CEAD-9629-4C6A-A215-97D1EC4C4BB1}.Debug|Any CPU.Build.0 = Debug|Any CPU
		{7EE0CEAD-9629-4C6A-A215-97D1EC4C4BB1}.Release|Any CPU.ActiveCfg = Release|Any CPU
		{7EE0CEAD-9629-4C6A-A215-97D1EC4C4BB1}.Release|Any CPU.Build.0 = Release|Any CPU
		{0D3C96B5-5A0B-43D5-BDAC-8AB11D582DB8}.Debug|Any CPU.ActiveCfg = Debug|Any CPU
		{0D3C96B5-5A0B-43D5-BDAC-8AB11D582DB8}.Debug|Any CPU.Build.0 = Debug|Any CPU
		{0D3C96B5-5A0B-43D5-BDAC-8AB11D582DB8}.Release|Any CPU.ActiveCfg = Release|Any CPU
		{0D3C96B5-5A0B-43D5-BDAC-8AB11D582DB8}.Release|Any CPU.Build.0 = Release|Any CPU
		{1ADABB20-5947-409C-B0FA-6F12274B8076}.Debug|Any CPU.ActiveCfg = Debug|Any CPU
		{1ADABB20-5947-409C-B0FA-6F12274B8076}.Debug|Any CPU.Build.0 = Debug|Any CPU
		{1ADABB20-5947-409C-B0FA-6F12274B8076}.Release|Any CPU.ActiveCfg = Release|Any CPU
		{1ADABB20-5947-409C-B0FA-6F12274B8076}.Release|Any CPU.Build.0 = Release|Any CPU
		{8B17CB57-1B13-4988-B87A-06810692A0E5}.Debug|Any CPU.ActiveCfg = Debug|Any CPU
		{8B17CB57-1B13-4988-B87A-06810692A0E5}.Debug|Any CPU.Build.0 = Debug|Any CPU
		{8B17CB57-1B13-4988-B87A-06810692A0E5}.Release|Any CPU.ActiveCfg = Release|Any CPU
		{8B17CB57-1B13-4988-B87A-06810692A0E5}.Release|Any CPU.Build.0 = Release|Any CPU
		{F911C302-12BC-414A-830E-5B81ADB20051}.Debug|Any CPU.ActiveCfg = Debug|Any CPU
		{F911C302-12BC-414A-830E-5B81ADB20051}.Debug|Any CPU.Build.0 = Debug|Any CPU
		{F911C302-12BC-414A-830E-5B81ADB20051}.Release|Any CPU.ActiveCfg = Release|Any CPU
		{F911C302-12BC-414A-830E-5B81ADB20051}.Release|Any CPU.Build.0 = Release|Any CPU
	EndGlobalSection
	GlobalSection(SolutionProperties) = preSolution
		HideSolutionNode = FALSE
	EndGlobalSection
	GlobalSection(NestedProjects) = preSolution
		{1ADABB20-5947-409C-B0FA-6F12274B8076} = {26B32815-EFF1-4EA6-A846-BE4432C7E6A7}
	EndGlobalSection
	GlobalSection(ExtensibilityGlobals) = postSolution
		SolutionGuid = {01E64C09-181F-45EA-ADBF-22907FDB86A8}
	EndGlobalSection
EndGlobal
