
Microsoft Visual Studio Solution File, Format Version 12.00
# Visual Studio Version 17
VisualStudioVersion = 17.0.32126.317
MinimumVisualStudioVersion = 10.0.40219.1
Project("{9A19103F-16F7-4668-BE54-9A1E7A4F7556}") = "Inshapardaz.Domain", "src\Inshapardaz.Domain\Inshapardaz.Domain.csproj", "{B867197D-41E9-4D3E-9BDE-8BE32B4DDDCA}"
EndProject
Project("{2150E333-8FDC-42A3-9474-1A3956D46DE8}") = "Solution Items", "Solution Items", "{17995680-3C9A-4E15-B619-569923E820FF}"
	ProjectSection(SolutionItems) = preProject
		.editorconfig = .editorconfig
		.gitattributes = .gitattributes
		.gitignore = .gitignore
		docker-compose.yml = docker-compose.yml
		dockerfile = dockerfile
		index.md = index.md
		README.md = README.md
	EndProjectSection
EndProject
Project("{9A19103F-16F7-4668-BE54-9A1E7A4F7556}") = "Inshapardaz.LibraryMigrator", "src\Inshapardaz.LibraryMigrator\Inshapardaz.LibraryMigrator.csproj", "{E1BBEA24-EA65-41FB-9D2F-9236183289F2}"
EndProject
Project("{2150E333-8FDC-42A3-9474-1A3956D46DE8}") = "tests", "tests", "{8C7E3360-AA68-4EE4-B86F-ADDA09663AB1}"
EndProject
Project("{9A19103F-16F7-4668-BE54-9A1E7A4F7556}") = "Inshapardaz.Api.Tests", "tests\Inshapardaz.Api.Tests\Inshapardaz.Api.Tests.csproj", "{9266B395-C0B8-4DB9-823C-70BE2110592F}"
EndProject
Project("{9A19103F-16F7-4668-BE54-9A1E7A4F7556}") = "Inshapardaz.Database.Migrations.MySql.Tests", "tests\Inshapardaz.Database.Migrations.MySql.Tests\Inshapardaz.Database.Migrations.MySql.Tests.csproj", "{5A13316A-2B96-469F-A08A-BF5C946F226A}"
EndProject
Project("{9A19103F-16F7-4668-BE54-9A1E7A4F7556}") = "Inshapardaz.Database.Migrations.SqlServer.Tests", "tests\Inshapardaz.Database.Migrations.SqlServer.Tests\Inshapardaz.Database.Migrations.SqlServer.Tests.csproj", "{0A24E280-8AB5-4F6F-B420-CB7358C1B081}"
EndProject
Project("{2150E333-8FDC-42A3-9474-1A3956D46DE8}") = "db", "db", "{1274C3EB-9C86-4F47-A316-DAAAE352F5BE}"
EndProject
Project("{9A19103F-16F7-4668-BE54-9A1E7A4F7556}") = "Inshapardaz.Database.Migrations", "db\Inshapardaz.Database.Migrations\Inshapardaz.Database.Migrations.csproj", "{3624CD1B-8357-4DB1-9B0F-D90DB62BBC0C}"
EndProject
Project("{2150E333-8FDC-42A3-9474-1A3956D46DE8}") = "src", "src", "{7544E5F9-E1A4-44A4-81A4-DC96F83988B6}"
EndProject
Project("{2150E333-8FDC-42A3-9474-1A3956D46DE8}") = "Adapters", "Adapters", "{50492623-97B3-405E-8E7F-164BA91FA48C}"
EndProject
Project("{2150E333-8FDC-42A3-9474-1A3956D46DE8}") = "Storage", "Storage", "{DE4D74E3-4D09-4262-9E79-DA877194C675}"
EndProject
Project("{2150E333-8FDC-42A3-9474-1A3956D46DE8}") = "Database", "Database", "{9A2C381A-5D85-4B37-80FE-850E06191CA8}"
EndProject
Project("{9A19103F-16F7-4668-BE54-9A1E7A4F7556}") = "Inshapardaz.Adapters.Database.MySql", "src\Adapters\Database\MySql\Inshapardaz.Adapters.Database.MySql.csproj", "{BA8E1915-F67E-43BD-99FB-43AA0AE71157}"
EndProject
Project("{9A19103F-16F7-4668-BE54-9A1E7A4F7556}") = "Inshapardaz.Adapters.Database.SqlServer", "src\Adapters\Database\SqlServer\Inshapardaz.Adapters.Database.SqlServer.csproj", "{5CB80186-70F3-4604-A2FC-3B000F6BED52}"
EndProject
Project("{9A19103F-16F7-4668-BE54-9A1E7A4F7556}") = "Inshapardaz.Storage.Azure", "src\Adapters\Storage\Azure\Inshapardaz.Storage.Azure.csproj", "{52C4F384-B1ED-4106-9579-DFDEB2AA058E}"
EndProject
Project("{9A19103F-16F7-4668-BE54-9A1E7A4F7556}") = "Inshapardaz.Storage.FileSystem", "src\Adapters\Storage\FileSystem\Inshapardaz.Storage.FileSystem.csproj", "{4B38AA74-75CA-4CD4-BF51-62318A6AC1B1}"
EndProject
Project("{9A19103F-16F7-4668-BE54-9A1E7A4F7556}") = "Inshapardaz.Storage.S3", "src\Adapters\Storage\S3\Inshapardaz.Storage.S3.csproj", "{CD9D42F0-B551-438A-A38B-AE4A04607D45}"
EndProject
Project("{9A19103F-16F7-4668-BE54-9A1E7A4F7556}") = "Inshapardaz.Storage.SqlServer", "src\Adapters\Storage\SqlServer\Inshapardaz.Storage.SqlServer.csproj", "{876548DF-9C68-47BD-A828-EE5537010F24}"
EndProject
Project("{9A19103F-16F7-4668-BE54-9A1E7A4F7556}") = "Inshapardaz.Adapter.Ocr.Google", "src\Adapters\Ocr.Google\Inshapardaz.Adapter.Ocr.Google.csproj", "{3E2689A9-A99B-4C92-9F4B-A1F7153BEBE2}"
EndProject
Project("{9A19103F-16F7-4668-BE54-9A1E7A4F7556}") = "Inshapardaz.Api", "src\Inshapardaz.Api\Inshapardaz.Api.csproj", "{022D6B56-D44B-4AE2-8FAA-D20A61F9FAE3}"
EndProject
Global
	GlobalSection(SolutionConfigurationPlatforms) = preSolution
		Debug|Any CPU = Debug|Any CPU
		Release|Any CPU = Release|Any CPU
	EndGlobalSection
	GlobalSection(ProjectConfigurationPlatforms) = postSolution
		{B867197D-41E9-4D3E-9BDE-8BE32B4DDDCA}.Debug|Any CPU.ActiveCfg = Debug|Any CPU
		{B867197D-41E9-4D3E-9BDE-8BE32B4DDDCA}.Debug|Any CPU.Build.0 = Debug|Any CPU
		{B867197D-41E9-4D3E-9BDE-8BE32B4DDDCA}.Release|Any CPU.ActiveCfg = Release|Any CPU
		{B867197D-41E9-4D3E-9BDE-8BE32B4DDDCA}.Release|Any CPU.Build.0 = Release|Any CPU
		{E1BBEA24-EA65-41FB-9D2F-9236183289F2}.Debug|Any CPU.ActiveCfg = Debug|Any CPU
		{E1BBEA24-EA65-41FB-9D2F-9236183289F2}.Debug|Any CPU.Build.0 = Debug|Any CPU
		{E1BBEA24-EA65-41FB-9D2F-9236183289F2}.Release|Any CPU.ActiveCfg = Release|Any CPU
		{E1BBEA24-EA65-41FB-9D2F-9236183289F2}.Release|Any CPU.Build.0 = Release|Any CPU
		{9266B395-C0B8-4DB9-823C-70BE2110592F}.Debug|Any CPU.ActiveCfg = Debug|Any CPU
		{9266B395-C0B8-4DB9-823C-70BE2110592F}.Debug|Any CPU.Build.0 = Debug|Any CPU
		{9266B395-C0B8-4DB9-823C-70BE2110592F}.Release|Any CPU.ActiveCfg = Release|Any CPU
		{9266B395-C0B8-4DB9-823C-70BE2110592F}.Release|Any CPU.Build.0 = Release|Any CPU
		{5A13316A-2B96-469F-A08A-BF5C946F226A}.Debug|Any CPU.ActiveCfg = Debug|Any CPU
		{5A13316A-2B96-469F-A08A-BF5C946F226A}.Debug|Any CPU.Build.0 = Debug|Any CPU
		{5A13316A-2B96-469F-A08A-BF5C946F226A}.Release|Any CPU.ActiveCfg = Release|Any CPU
		{5A13316A-2B96-469F-A08A-BF5C946F226A}.Release|Any CPU.Build.0 = Release|Any CPU
		{0A24E280-8AB5-4F6F-B420-CB7358C1B081}.Debug|Any CPU.ActiveCfg = Debug|Any CPU
		{0A24E280-8AB5-4F6F-B420-CB7358C1B081}.Debug|Any CPU.Build.0 = Debug|Any CPU
		{0A24E280-8AB5-4F6F-B420-CB7358C1B081}.Release|Any CPU.ActiveCfg = Release|Any CPU
		{0A24E280-8AB5-4F6F-B420-CB7358C1B081}.Release|Any CPU.Build.0 = Release|Any CPU
		{3624CD1B-8357-4DB1-9B0F-D90DB62BBC0C}.Debug|Any CPU.ActiveCfg = Debug|Any CPU
		{3624CD1B-8357-4DB1-9B0F-D90DB62BBC0C}.Debug|Any CPU.Build.0 = Debug|Any CPU
		{3624CD1B-8357-4DB1-9B0F-D90DB62BBC0C}.Release|Any CPU.ActiveCfg = Release|Any CPU
		{3624CD1B-8357-4DB1-9B0F-D90DB62BBC0C}.Release|Any CPU.Build.0 = Release|Any CPU
		{BA8E1915-F67E-43BD-99FB-43AA0AE71157}.Debug|Any CPU.ActiveCfg = Debug|Any CPU
		{BA8E1915-F67E-43BD-99FB-43AA0AE71157}.Debug|Any CPU.Build.0 = Debug|Any CPU
		{BA8E1915-F67E-43BD-99FB-43AA0AE71157}.Release|Any CPU.ActiveCfg = Release|Any CPU
		{BA8E1915-F67E-43BD-99FB-43AA0AE71157}.Release|Any CPU.Build.0 = Release|Any CPU
		{5CB80186-70F3-4604-A2FC-3B000F6BED52}.Debug|Any CPU.ActiveCfg = Debug|Any CPU
		{5CB80186-70F3-4604-A2FC-3B000F6BED52}.Debug|Any CPU.Build.0 = Debug|Any CPU
		{5CB80186-70F3-4604-A2FC-3B000F6BED52}.Release|Any CPU.ActiveCfg = Release|Any CPU
		{5CB80186-70F3-4604-A2FC-3B000F6BED52}.Release|Any CPU.Build.0 = Release|Any CPU
		{52C4F384-B1ED-4106-9579-DFDEB2AA058E}.Debug|Any CPU.ActiveCfg = Debug|Any CPU
		{52C4F384-B1ED-4106-9579-DFDEB2AA058E}.Debug|Any CPU.Build.0 = Debug|Any CPU
		{52C4F384-B1ED-4106-9579-DFDEB2AA058E}.Release|Any CPU.ActiveCfg = Release|Any CPU
		{52C4F384-B1ED-4106-9579-DFDEB2AA058E}.Release|Any CPU.Build.0 = Release|Any CPU
		{4B38AA74-75CA-4CD4-BF51-62318A6AC1B1}.Debug|Any CPU.ActiveCfg = Debug|Any CPU
		{4B38AA74-75CA-4CD4-BF51-62318A6AC1B1}.Debug|Any CPU.Build.0 = Debug|Any CPU
		{4B38AA74-75CA-4CD4-BF51-62318A6AC1B1}.Release|Any CPU.ActiveCfg = Release|Any CPU
		{4B38AA74-75CA-4CD4-BF51-62318A6AC1B1}.Release|Any CPU.Build.0 = Release|Any CPU
		{CD9D42F0-B551-438A-A38B-AE4A04607D45}.Debug|Any CPU.ActiveCfg = Debug|Any CPU
		{CD9D42F0-B551-438A-A38B-AE4A04607D45}.Debug|Any CPU.Build.0 = Debug|Any CPU
		{CD9D42F0-B551-438A-A38B-AE4A04607D45}.Release|Any CPU.ActiveCfg = Release|Any CPU
		{CD9D42F0-B551-438A-A38B-AE4A04607D45}.Release|Any CPU.Build.0 = Release|Any CPU
		{876548DF-9C68-47BD-A828-EE5537010F24}.Debug|Any CPU.ActiveCfg = Debug|Any CPU
		{876548DF-9C68-47BD-A828-EE5537010F24}.Debug|Any CPU.Build.0 = Debug|Any CPU
		{876548DF-9C68-47BD-A828-EE5537010F24}.Release|Any CPU.ActiveCfg = Release|Any CPU
		{876548DF-9C68-47BD-A828-EE5537010F24}.Release|Any CPU.Build.0 = Release|Any CPU
		{3E2689A9-A99B-4C92-9F4B-A1F7153BEBE2}.Debug|Any CPU.ActiveCfg = Debug|Any CPU
		{3E2689A9-A99B-4C92-9F4B-A1F7153BEBE2}.Debug|Any CPU.Build.0 = Debug|Any CPU
		{3E2689A9-A99B-4C92-9F4B-A1F7153BEBE2}.Release|Any CPU.ActiveCfg = Release|Any CPU
		{3E2689A9-A99B-4C92-9F4B-A1F7153BEBE2}.Release|Any CPU.Build.0 = Release|Any CPU
		{022D6B56-D44B-4AE2-8FAA-D20A61F9FAE3}.Debug|Any CPU.ActiveCfg = Debug|Any CPU
		{022D6B56-D44B-4AE2-8FAA-D20A61F9FAE3}.Debug|Any CPU.Build.0 = Debug|Any CPU
		{022D6B56-D44B-4AE2-8FAA-D20A61F9FAE3}.Release|Any CPU.ActiveCfg = Release|Any CPU
		{022D6B56-D44B-4AE2-8FAA-D20A61F9FAE3}.Release|Any CPU.Build.0 = Release|Any CPU
	EndGlobalSection
	GlobalSection(SolutionProperties) = preSolution
		HideSolutionNode = FALSE
	EndGlobalSection
	GlobalSection(NestedProjects) = preSolution
		{B867197D-41E9-4D3E-9BDE-8BE32B4DDDCA} = {7544E5F9-E1A4-44A4-81A4-DC96F83988B6}
		{E1BBEA24-EA65-41FB-9D2F-9236183289F2} = {7544E5F9-E1A4-44A4-81A4-DC96F83988B6}
		{9266B395-C0B8-4DB9-823C-70BE2110592F} = {8C7E3360-AA68-4EE4-B86F-ADDA09663AB1}
		{5A13316A-2B96-469F-A08A-BF5C946F226A} = {8C7E3360-AA68-4EE4-B86F-ADDA09663AB1}
		{0A24E280-8AB5-4F6F-B420-CB7358C1B081} = {8C7E3360-AA68-4EE4-B86F-ADDA09663AB1}
		{3624CD1B-8357-4DB1-9B0F-D90DB62BBC0C} = {1274C3EB-9C86-4F47-A316-DAAAE352F5BE}
		{50492623-97B3-405E-8E7F-164BA91FA48C} = {7544E5F9-E1A4-44A4-81A4-DC96F83988B6}
		{DE4D74E3-4D09-4262-9E79-DA877194C675} = {50492623-97B3-405E-8E7F-164BA91FA48C}
		{9A2C381A-5D85-4B37-80FE-850E06191CA8} = {50492623-97B3-405E-8E7F-164BA91FA48C}
		{BA8E1915-F67E-43BD-99FB-43AA0AE71157} = {9A2C381A-5D85-4B37-80FE-850E06191CA8}
		{5CB80186-70F3-4604-A2FC-3B000F6BED52} = {9A2C381A-5D85-4B37-80FE-850E06191CA8}
		{52C4F384-B1ED-4106-9579-DFDEB2AA058E} = {DE4D74E3-4D09-4262-9E79-DA877194C675}
		{4B38AA74-75CA-4CD4-BF51-62318A6AC1B1} = {DE4D74E3-4D09-4262-9E79-DA877194C675}
		{CD9D42F0-B551-438A-A38B-AE4A04607D45} = {DE4D74E3-4D09-4262-9E79-DA877194C675}
		{876548DF-9C68-47BD-A828-EE5537010F24} = {DE4D74E3-4D09-4262-9E79-DA877194C675}
		{3E2689A9-A99B-4C92-9F4B-A1F7153BEBE2} = {50492623-97B3-405E-8E7F-164BA91FA48C}
		{022D6B56-D44B-4AE2-8FAA-D20A61F9FAE3} = {7544E5F9-E1A4-44A4-81A4-DC96F83988B6}
	EndGlobalSection
	GlobalSection(ExtensibilityGlobals) = postSolution
		SolutionGuid = {01E64C09-181F-45EA-ADBF-22907FDB86A8}
	EndGlobalSection
EndGlobal
