
Microsoft Visual Studio Solution File, Format Version 12.00
# Visual Studio Version 16
VisualStudioVersion = 16.0.29009.5
MinimumVisualStudioVersion = 10.0.40219.1
Project("{9A19103F-16F7-4668-BE54-9A1E7A4F7556}") = "Inshapardaz.Domain", "src\Inshapardaz.Domain\Inshapardaz.Domain.csproj", "{B867197D-41E9-4D3E-9BDE-8BE32B4DDDCA}"
EndProject
Project("{2150E333-8FDC-42A3-9474-1A3956D46DE8}") = "tests", "tests", "{26B32815-EFF1-4EA6-A846-BE4432C7E6A7}"
EndProject
Project("{9A19103F-16F7-4668-BE54-9A1E7A4F7556}") = "Inshapardaz.Ports.Database", "src\Inshapardaz.Ports.Database\Inshapardaz.Ports.Database.csproj", "{EFB37C52-0CFF-4B3A-944F-41B35628EFB7}"
EndProject
Project("{9A19103F-16F7-4668-BE54-9A1E7A4F7556}") = "Inshapardaz.Storage", "src\Inshapardaz.Storage\Inshapardaz.Storage.csproj", "{7EE0CEAD-9629-4C6A-A215-97D1EC4C4BB1}"
EndProject
Project("{9A19103F-16F7-4668-BE54-9A1E7A4F7556}") = "Inshapardaz.Functions", "src\Inshapardaz.Functions\Inshapardaz.Functions.csproj", "{1ABEF47F-BAB3-4563-AF8C-EF47BF4EDE38}"
EndProject
Project("{9A19103F-16F7-4668-BE54-9A1E7A4F7556}") = "Inshapardaz.Functions.Tests", "src\Inshapardaz.Functions.Tests\Inshapardaz.Functions.Tests.csproj", "{AC205F32-E900-45F4-A885-ED67D10436EA}"
EndProject
Project("{2150E333-8FDC-42A3-9474-1A3956D46DE8}") = "Solution Items", "Solution Items", "{17995680-3C9A-4E15-B619-569923E820FF}"
	ProjectSection(SolutionItems) = preProject
		README.md = README.md
	EndProjectSection
EndProject
Global
	GlobalSection(SolutionConfigurationPlatforms) = preSolution
		Debug|Any CPU = Debug|Any CPU
		Release|Any CPU = Release|Any CPU
	EndGlobalSection
	GlobalSection(ProjectConfigurationPlatforms) = postSolution
		{B867197D-41E9-4D3E-9BDE-8BE32B4DDDCA}.Debug|Any CPU.ActiveCfg = Debug|Any CPU
		{B867197D-41E9-4D3E-9BDE-8BE32B4DDDCA}.Debug|Any CPU.Build.0 = Debug|Any CPU
		{B867197D-41E9-4D3E-9BDE-8BE32B4DDDCA}.Release|Any CPU.ActiveCfg = Release|Any CPU
		{B867197D-41E9-4D3E-9BDE-8BE32B4DDDCA}.Release|Any CPU.Build.0 = Release|Any CPU
		{EFB37C52-0CFF-4B3A-944F-41B35628EFB7}.Debug|Any CPU.ActiveCfg = Debug|Any CPU
		{EFB37C52-0CFF-4B3A-944F-41B35628EFB7}.Debug|Any CPU.Build.0 = Debug|Any CPU
		{EFB37C52-0CFF-4B3A-944F-41B35628EFB7}.Release|Any CPU.ActiveCfg = Release|Any CPU
		{EFB37C52-0CFF-4B3A-944F-41B35628EFB7}.Release|Any CPU.Build.0 = Release|Any CPU
		{7EE0CEAD-9629-4C6A-A215-97D1EC4C4BB1}.Debug|Any CPU.ActiveCfg = Debug|Any CPU
		{7EE0CEAD-9629-4C6A-A215-97D1EC4C4BB1}.Debug|Any CPU.Build.0 = Debug|Any CPU
		{7EE0CEAD-9629-4C6A-A215-97D1EC4C4BB1}.Release|Any CPU.ActiveCfg = Release|Any CPU
		{7EE0CEAD-9629-4C6A-A215-97D1EC4C4BB1}.Release|Any CPU.Build.0 = Release|Any CPU
		{1ABEF47F-BAB3-4563-AF8C-EF47BF4EDE38}.Debug|Any CPU.ActiveCfg = Debug|Any CPU
		{1ABEF47F-BAB3-4563-AF8C-EF47BF4EDE38}.Debug|Any CPU.Build.0 = Debug|Any CPU
		{1ABEF47F-BAB3-4563-AF8C-EF47BF4EDE38}.Release|Any CPU.ActiveCfg = Release|Any CPU
		{1ABEF47F-BAB3-4563-AF8C-EF47BF4EDE38}.Release|Any CPU.Build.0 = Release|Any CPU
		{AC205F32-E900-45F4-A885-ED67D10436EA}.Debug|Any CPU.ActiveCfg = Debug|Any CPU
		{AC205F32-E900-45F4-A885-ED67D10436EA}.Debug|Any CPU.Build.0 = Debug|Any CPU
		{AC205F32-E900-45F4-A885-ED67D10436EA}.Release|Any CPU.ActiveCfg = Release|Any CPU
		{AC205F32-E900-45F4-A885-ED67D10436EA}.Release|Any CPU.Build.0 = Release|Any CPU
	EndGlobalSection
	GlobalSection(SolutionProperties) = preSolution
		HideSolutionNode = FALSE
	EndGlobalSection
	GlobalSection(NestedProjects) = preSolution
		{AC205F32-E900-45F4-A885-ED67D10436EA} = {26B32815-EFF1-4EA6-A846-BE4432C7E6A7}
	EndGlobalSection
	GlobalSection(ExtensibilityGlobals) = postSolution
		SolutionGuid = {01E64C09-181F-45EA-ADBF-22907FDB86A8}
	EndGlobalSection
EndGlobal
