
Microsoft Visual Studio Solution File, Format Version 12.00
# Visual Studio Version 16
VisualStudioVersion = 16.0.29009.5
MinimumVisualStudioVersion = 10.0.40219.1
Project("{9A19103F-16F7-4668-BE54-9A1E7A4F7556}") = "Inshapardaz.Api", "Inshapardaz.Api\Inshapardaz.Api.csproj", "{C9EA1ABC-5D8D-43AD-8801-19648F78D0FE}"
EndProject
Project("{9A19103F-16F7-4668-BE54-9A1E7A4F7556}") = "Inshapardaz.Domain", "Inshapardaz.Domain\Inshapardaz.Domain.csproj", "{B867197D-41E9-4D3E-9BDE-8BE32B4DDDCA}"
EndProject
Project("{2150E333-8FDC-42A3-9474-1A3956D46DE8}") = "tests", "tests", "{26B32815-EFF1-4EA6-A846-BE4432C7E6A7}"
EndProject
Project("{9A19103F-16F7-4668-BE54-9A1E7A4F7556}") = "Inshapardaz.Api.UnitTests", "Inshapardaz.Api.UnitTests\Inshapardaz.Api.UnitTests.csproj", "{CF753C3C-8D9E-4EE3-A641-43965F644BE7}"
EndProject
Project("{9A19103F-16F7-4668-BE54-9A1E7A4F7556}") = "Inshapardaz.Api.IntegrationTests", "Inshapardaz.Api.IntegrationTests\Inshapardaz.Api.IntegrationTests.csproj", "{96E70078-C74F-4B4C-A487-6648D0285839}"
EndProject
Project("{9A19103F-16F7-4668-BE54-9A1E7A4F7556}") = "Inshapardaz.Ports.Database", "Inshapardaz.Ports.Database\Inshapardaz.Ports.Database.csproj", "{EFB37C52-0CFF-4B3A-944F-41B35628EFB7}"
EndProject
Project("{9A19103F-16F7-4668-BE54-9A1E7A4F7556}") = "Inshapardaz.Storage", "Inshapardaz.Storage\Inshapardaz.Storage.csproj", "{7EE0CEAD-9629-4C6A-A215-97D1EC4C4BB1}"
EndProject
Project("{9A19103F-16F7-4668-BE54-9A1E7A4F7556}") = "Inshapardaz.Functions", "Inshapardaz.Functions\Inshapardaz.Functions.csproj", "{1ABEF47F-BAB3-4563-AF8C-EF47BF4EDE38}"
EndProject
Project("{9A19103F-16F7-4668-BE54-9A1E7A4F7556}") = "Inshapardaz.Functions.Tests", "Inshapardaz.Functions.Tests\Inshapardaz.Functions.Tests.csproj", "{AC205F32-E900-45F4-A885-ED67D10436EA}"
EndProject
Global
	GlobalSection(SolutionConfigurationPlatforms) = preSolution
		Debug|Any CPU = Debug|Any CPU
		Release|Any CPU = Release|Any CPU
	EndGlobalSection
	GlobalSection(ProjectConfigurationPlatforms) = postSolution
		{C9EA1ABC-5D8D-43AD-8801-19648F78D0FE}.Debug|Any CPU.ActiveCfg = Debug|Any CPU
		{C9EA1ABC-5D8D-43AD-8801-19648F78D0FE}.Debug|Any CPU.Build.0 = Debug|Any CPU
		{C9EA1ABC-5D8D-43AD-8801-19648F78D0FE}.Release|Any CPU.ActiveCfg = Release|Any CPU
		{C9EA1ABC-5D8D-43AD-8801-19648F78D0FE}.Release|Any CPU.Build.0 = Release|Any CPU
		{B867197D-41E9-4D3E-9BDE-8BE32B4DDDCA}.Debug|Any CPU.ActiveCfg = Debug|Any CPU
		{B867197D-41E9-4D3E-9BDE-8BE32B4DDDCA}.Debug|Any CPU.Build.0 = Debug|Any CPU
		{B867197D-41E9-4D3E-9BDE-8BE32B4DDDCA}.Release|Any CPU.ActiveCfg = Release|Any CPU
		{B867197D-41E9-4D3E-9BDE-8BE32B4DDDCA}.Release|Any CPU.Build.0 = Release|Any CPU
		{CF753C3C-8D9E-4EE3-A641-43965F644BE7}.Debug|Any CPU.ActiveCfg = Debug|Any CPU
		{CF753C3C-8D9E-4EE3-A641-43965F644BE7}.Debug|Any CPU.Build.0 = Debug|Any CPU
		{CF753C3C-8D9E-4EE3-A641-43965F644BE7}.Release|Any CPU.ActiveCfg = Release|Any CPU
		{CF753C3C-8D9E-4EE3-A641-43965F644BE7}.Release|Any CPU.Build.0 = Release|Any CPU
		{96E70078-C74F-4B4C-A487-6648D0285839}.Debug|Any CPU.ActiveCfg = Debug|Any CPU
		{96E70078-C74F-4B4C-A487-6648D0285839}.Debug|Any CPU.Build.0 = Debug|Any CPU
		{96E70078-C74F-4B4C-A487-6648D0285839}.Release|Any CPU.ActiveCfg = Release|Any CPU
		{96E70078-C74F-4B4C-A487-6648D0285839}.Release|Any CPU.Build.0 = Release|Any CPU
		{EFB37C52-0CFF-4B3A-944F-41B35628EFB7}.Debug|Any CPU.ActiveCfg = Debug|Any CPU
		{EFB37C52-0CFF-4B3A-944F-41B35628EFB7}.Debug|Any CPU.Build.0 = Debug|Any CPU
		{EFB37C52-0CFF-4B3A-944F-41B35628EFB7}.Release|Any CPU.ActiveCfg = Release|Any CPU
		{EFB37C52-0CFF-4B3A-944F-41B35628EFB7}.Release|Any CPU.Build.0 = Release|Any CPU
		{7EE0CEAD-9629-4C6A-A215-97D1EC4C4BB1}.Debug|Any CPU.ActiveCfg = Debug|Any CPU
		{7EE0CEAD-9629-4C6A-A215-97D1EC4C4BB1}.Debug|Any CPU.Build.0 = Debug|Any CPU
		{7EE0CEAD-9629-4C6A-A215-97D1EC4C4BB1}.Release|Any CPU.ActiveCfg = Release|Any CPU
		{7EE0CEAD-9629-4C6A-A215-97D1EC4C4BB1}.Release|Any CPU.Build.0 = Release|Any CPU
		{1ABEF47F-BAB3-4563-AF8C-EF47BF4EDE38}.Debug|Any CPU.ActiveCfg = Debug|Any CPU
		{1ABEF47F-BAB3-4563-AF8C-EF47BF4EDE38}.Debug|Any CPU.Build.0 = Debug|Any CPU
		{1ABEF47F-BAB3-4563-AF8C-EF47BF4EDE38}.Release|Any CPU.ActiveCfg = Release|Any CPU
		{1ABEF47F-BAB3-4563-AF8C-EF47BF4EDE38}.Release|Any CPU.Build.0 = Release|Any CPU
		{AC205F32-E900-45F4-A885-ED67D10436EA}.Debug|Any CPU.ActiveCfg = Debug|Any CPU
		{AC205F32-E900-45F4-A885-ED67D10436EA}.Debug|Any CPU.Build.0 = Debug|Any CPU
		{AC205F32-E900-45F4-A885-ED67D10436EA}.Release|Any CPU.ActiveCfg = Release|Any CPU
		{AC205F32-E900-45F4-A885-ED67D10436EA}.Release|Any CPU.Build.0 = Release|Any CPU
	EndGlobalSection
	GlobalSection(SolutionProperties) = preSolution
		HideSolutionNode = FALSE
	EndGlobalSection
	GlobalSection(NestedProjects) = preSolution
		{CF753C3C-8D9E-4EE3-A641-43965F644BE7} = {26B32815-EFF1-4EA6-A846-BE4432C7E6A7}
		{96E70078-C74F-4B4C-A487-6648D0285839} = {26B32815-EFF1-4EA6-A846-BE4432C7E6A7}
		{AC205F32-E900-45F4-A885-ED67D10436EA} = {26B32815-EFF1-4EA6-A846-BE4432C7E6A7}
	EndGlobalSection
	GlobalSection(ExtensibilityGlobals) = postSolution
		SolutionGuid = {01E64C09-181F-45EA-ADBF-22907FDB86A8}
	EndGlobalSection
EndGlobal
